// !$*UTF8*$!
{
	archiveVersion = 1;
	classes = {
	};
	objectVersion = 50;
	objects = {

/* Begin PBXBuildFile section */
		27A6C6F2264D0BD4000D7E50 /* AppDelegate.swift in Sources */ = {isa = PBXBuildFile; fileRef = 27A6C6F1264D0BD4000D7E50 /* AppDelegate.swift */; };
		27A6C6F4264D0BD4000D7E50 /* SceneDelegate.swift in Sources */ = {isa = PBXBuildFile; fileRef = 27A6C6F3264D0BD4000D7E50 /* SceneDelegate.swift */; };
		27A6C6F6264D0BD4000D7E50 /* ViewController.swift in Sources */ = {isa = PBXBuildFile; fileRef = 27A6C6F5264D0BD4000D7E50 /* ViewController.swift */; };
		27A6C6F9264D0BD4000D7E50 /* Main.storyboard in Resources */ = {isa = PBXBuildFile; fileRef = 27A6C6F7264D0BD4000D7E50 /* Main.storyboard */; };
		27A6C6FB264D0BD7000D7E50 /* Assets.xcassets in Resources */ = {isa = PBXBuildFile; fileRef = 27A6C6FA264D0BD7000D7E50 /* Assets.xcassets */; };
		27A6C6FE264D0BD7000D7E50 /* LaunchScreen.storyboard in Resources */ = {isa = PBXBuildFile; fileRef = 27A6C6FC264D0BD7000D7E50 /* LaunchScreen.storyboard */; };
		27A6C709264D0BD8000D7E50 /* TechmonTests.swift in Sources */ = {isa = PBXBuildFile; fileRef = 27A6C708264D0BD8000D7E50 /* TechmonTests.swift */; };
		27A6C714264D0BD8000D7E50 /* TechmonUITests.swift in Sources */ = {isa = PBXBuildFile; fileRef = 27A6C713264D0BD8000D7E50 /* TechmonUITests.swift */; };
		27A6C73A264D0C58000D7E50 /* lobby.png in Resources */ = {isa = PBXBuildFile; fileRef = 27A6C726264D0C58000D7E50 /* lobby.png */; };
		27A6C73B264D0C58000D7E50 /* battlebg.png in Resources */ = {isa = PBXBuildFile; fileRef = 27A6C727264D0C58000D7E50 /* battlebg.png */; };
		27A6C73C264D0C58000D7E50 /* bgimage.jpg in Resources */ = {isa = PBXBuildFile; fileRef = 27A6C728264D0C58000D7E50 /* bgimage.jpg */; };
		27A6C73D264D0C58000D7E50 /* waku.png in Resources */ = {isa = PBXBuildFile; fileRef = 27A6C729264D0C58000D7E50 /* waku.png */; };
		27A6C73E264D0C58000D7E50 /* gold_button.png in Resources */ = {isa = PBXBuildFile; fileRef = 27A6C72A264D0C58000D7E50 /* gold_button.png */; };
		27A6C73F264D0C58000D7E50 /* yusya.png in Resources */ = {isa = PBXBuildFile; fileRef = 27A6C72B264D0C58000D7E50 /* yusya.png */; };
		27A6C740264D0C58000D7E50 /* monster.png in Resources */ = {isa = PBXBuildFile; fileRef = 27A6C72C264D0C58000D7E50 /* monster.png */; };
		27A6C741264D0C58000D7E50 /* TechMonManager.swift in Sources */ = {isa = PBXBuildFile; fileRef = 27A6C72E264D0C58000D7E50 /* TechMonManager.swift */; };
		27A6C742264D0C58000D7E50 /* Character.swift in Sources */ = {isa = PBXBuildFile; fileRef = 27A6C72F264D0C58000D7E50 /* Character.swift */; };
		27A6C743264D0C58000D7E50 /* SE_fanfare.mp3 in Resources */ = {isa = PBXBuildFile; fileRef = 27A6C731264D0C58000D7E50 /* SE_fanfare.mp3 */; };
		27A6C744264D0C58000D7E50 /* BGM_battle001.mp3 in Resources */ = {isa = PBXBuildFile; fileRef = 27A6C732264D0C58000D7E50 /* BGM_battle001.mp3 */; };
		27A6C745264D0C58000D7E50 /* SE_fire.mp3 in Resources */ = {isa = PBXBuildFile; fileRef = 27A6C733264D0C58000D7E50 /* SE_fire.mp3 */; };
		27A6C746264D0C58000D7E50 /* SE_attack.mp3 in Resources */ = {isa = PBXBuildFile; fileRef = 27A6C734264D0C58000D7E50 /* SE_attack.mp3 */; };
		27A6C747264D0C58000D7E50 /* SE_gameover.mp3 in Resources */ = {isa = PBXBuildFile; fileRef = 27A6C735264D0C58000D7E50 /* SE_gameover.mp3 */; };
		27A6C748264D0C58000D7E50 /* SE_charge.mp3 in Resources */ = {isa = PBXBuildFile; fileRef = 27A6C736264D0C58000D7E50 /* SE_charge.mp3 */; };
		27A6C749264D0C58000D7E50 /* lobby.mp3 in Resources */ = {isa = PBXBuildFile; fileRef = 27A6C737264D0C58000D7E50 /* lobby.mp3 */; };
		27A6C74A264D0C58000D7E50 /* misaki_gothic.ttf in Resources */ = {isa = PBXBuildFile; fileRef = 27A6C739264D0C58000D7E50 /* misaki_gothic.ttf */; };
		27FB8D03264D21E400F4BD6A /* LobbyViewController.swift in Sources */ = {isa = PBXBuildFile; fileRef = 27FB8D02264D21E400F4BD6A /* LobbyViewController.swift */; };
		27FB8D08264D21F800F4BD6A /* BattleViewController.swift in Sources */ = {isa = PBXBuildFile; fileRef = 27FB8D07264D21F800F4BD6A /* BattleViewController.swift */; };
/* End PBXBuildFile section */

/* Begin PBXContainerItemProxy section */
		27A6C705264D0BD8000D7E50 /* PBXContainerItemProxy */ = {
			isa = PBXContainerItemProxy;
			containerPortal = 27A6C6E6264D0BD4000D7E50 /* Project object */;
			proxyType = 1;
			remoteGlobalIDString = 27A6C6ED264D0BD4000D7E50;
			remoteInfo = Techmon;
		};
		27A6C710264D0BD8000D7E50 /* PBXContainerItemProxy */ = {
			isa = PBXContainerItemProxy;
			containerPortal = 27A6C6E6264D0BD4000D7E50 /* Project object */;
			proxyType = 1;
			remoteGlobalIDString = 27A6C6ED264D0BD4000D7E50;
			remoteInfo = Techmon;
		};
/* End PBXContainerItemProxy section */

/* Begin PBXFileReference section */
		27A6C6EE264D0BD4000D7E50 /* Techmon.app */ = {isa = PBXFileReference; explicitFileType = wrapper.application; includeInIndex = 0; path = Techmon.app; sourceTree = BUILT_PRODUCTS_DIR; };
		27A6C6F1264D0BD4000D7E50 /* AppDelegate.swift */ = {isa = PBXFileReference; lastKnownFileType = sourcecode.swift; path = AppDelegate.swift; sourceTree = "<group>"; };
		27A6C6F3264D0BD4000D7E50 /* SceneDelegate.swift */ = {isa = PBXFileReference; lastKnownFileType = sourcecode.swift; path = SceneDelegate.swift; sourceTree = "<group>"; };
		27A6C6F5264D0BD4000D7E50 /* ViewController.swift */ = {isa = PBXFileReference; lastKnownFileType = sourcecode.swift; path = ViewController.swift; sourceTree = "<group>"; };
		27A6C6F8264D0BD4000D7E50 /* Base */ = {isa = PBXFileReference; lastKnownFileType = file.storyboard; name = Base; path = Base.lproj/Main.storyboard; sourceTree = "<group>"; };
		27A6C6FA264D0BD7000D7E50 /* Assets.xcassets */ = {isa = PBXFileReference; lastKnownFileType = folder.assetcatalog; path = Assets.xcassets; sourceTree = "<group>"; };
		27A6C6FD264D0BD7000D7E50 /* Base */ = {isa = PBXFileReference; lastKnownFileType = file.storyboard; name = Base; path = Base.lproj/LaunchScreen.storyboard; sourceTree = "<group>"; };
		27A6C6FF264D0BD7000D7E50 /* Info.plist */ = {isa = PBXFileReference; lastKnownFileType = text.plist.xml; path = Info.plist; sourceTree = "<group>"; };
		27A6C704264D0BD8000D7E50 /* TechmonTests.xctest */ = {isa = PBXFileReference; explicitFileType = wrapper.cfbundle; includeInIndex = 0; path = TechmonTests.xctest; sourceTree = BUILT_PRODUCTS_DIR; };
		27A6C708264D0BD8000D7E50 /* TechmonTests.swift */ = {isa = PBXFileReference; lastKnownFileType = sourcecode.swift; path = TechmonTests.swift; sourceTree = "<group>"; };
		27A6C70A264D0BD8000D7E50 /* Info.plist */ = {isa = PBXFileReference; lastKnownFileType = text.plist.xml; path = Info.plist; sourceTree = "<group>"; };
		27A6C70F264D0BD8000D7E50 /* TechmonUITests.xctest */ = {isa = PBXFileReference; explicitFileType = wrapper.cfbundle; includeInIndex = 0; path = TechmonUITests.xctest; sourceTree = BUILT_PRODUCTS_DIR; };
		27A6C713264D0BD8000D7E50 /* TechmonUITests.swift */ = {isa = PBXFileReference; lastKnownFileType = sourcecode.swift; path = TechmonUITests.swift; sourceTree = "<group>"; };
		27A6C715264D0BD8000D7E50 /* Info.plist */ = {isa = PBXFileReference; lastKnownFileType = text.plist.xml; path = Info.plist; sourceTree = "<group>"; };
		27A6C726264D0C58000D7E50 /* lobby.png */ = {isa = PBXFileReference; lastKnownFileType = image.png; path = lobby.png; sourceTree = "<group>"; };
		27A6C727264D0C58000D7E50 /* battlebg.png */ = {isa = PBXFileReference; lastKnownFileType = image.png; path = battlebg.png; sourceTree = "<group>"; };
		27A6C728264D0C58000D7E50 /* bgimage.jpg */ = {isa = PBXFileReference; lastKnownFileType = image.jpeg; path = bgimage.jpg; sourceTree = "<group>"; };
		27A6C729264D0C58000D7E50 /* waku.png */ = {isa = PBXFileReference; lastKnownFileType = image.png; path = waku.png; sourceTree = "<group>"; };
		27A6C72A264D0C58000D7E50 /* gold_button.png */ = {isa = PBXFileReference; lastKnownFileType = image.png; path = gold_button.png; sourceTree = "<group>"; };
		27A6C72B264D0C58000D7E50 /* yusya.png */ = {isa = PBXFileReference; lastKnownFileType = image.png; path = yusya.png; sourceTree = "<group>"; };
		27A6C72C264D0C58000D7E50 /* monster.png */ = {isa = PBXFileReference; lastKnownFileType = image.png; path = monster.png; sourceTree = "<group>"; };
		27A6C72E264D0C58000D7E50 /* TechMonManager.swift */ = {isa = PBXFileReference; fileEncoding = 4; lastKnownFileType = sourcecode.swift; path = TechMonManager.swift; sourceTree = "<group>"; };
		27A6C72F264D0C58000D7E50 /* Character.swift */ = {isa = PBXFileReference; fileEncoding = 4; lastKnownFileType = sourcecode.swift; path = Character.swift; sourceTree = "<group>"; };
		27A6C731264D0C58000D7E50 /* SE_fanfare.mp3 */ = {isa = PBXFileReference; lastKnownFileType = audio.mp3; path = SE_fanfare.mp3; sourceTree = "<group>"; };
		27A6C732264D0C58000D7E50 /* BGM_battle001.mp3 */ = {isa = PBXFileReference; lastKnownFileType = audio.mp3; path = BGM_battle001.mp3; sourceTree = "<group>"; };
		27A6C733264D0C58000D7E50 /* SE_fire.mp3 */ = {isa = PBXFileReference; lastKnownFileType = audio.mp3; path = SE_fire.mp3; sourceTree = "<group>"; };
		27A6C734264D0C58000D7E50 /* SE_attack.mp3 */ = {isa = PBXFileReference; lastKnownFileType = audio.mp3; path = SE_attack.mp3; sourceTree = "<group>"; };
		27A6C735264D0C58000D7E50 /* SE_gameover.mp3 */ = {isa = PBXFileReference; lastKnownFileType = audio.mp3; path = SE_gameover.mp3; sourceTree = "<group>"; };
		27A6C736264D0C58000D7E50 /* SE_charge.mp3 */ = {isa = PBXFileReference; lastKnownFileType = audio.mp3; path = SE_charge.mp3; sourceTree = "<group>"; };
		27A6C737264D0C58000D7E50 /* lobby.mp3 */ = {isa = PBXFileReference; lastKnownFileType = audio.mp3; path = lobby.mp3; sourceTree = "<group>"; };
		27A6C739264D0C58000D7E50 /* misaki_gothic.ttf */ = {isa = PBXFileReference; lastKnownFileType = file; path = misaki_gothic.ttf; sourceTree = "<group>"; };
		27FB8D02264D21E400F4BD6A /* LobbyViewController.swift */ = {isa = PBXFileReference; lastKnownFileType = sourcecode.swift; path = LobbyViewController.swift; sourceTree = "<group>"; };
		27FB8D07264D21F800F4BD6A /* BattleViewController.swift */ = {isa = PBXFileReference; lastKnownFileType = sourcecode.swift; path = BattleViewController.swift; sourceTree = "<group>"; };
/* End PBXFileReference section */

/* Begin PBXFrameworksBuildPhase section */
		27A6C6EB264D0BD4000D7E50 /* Frameworks */ = {
			isa = PBXFrameworksBuildPhase;
			buildActionMask = 2147483647;
			files = (
			);
			runOnlyForDeploymentPostprocessing = 0;
		};
		27A6C701264D0BD8000D7E50 /* Frameworks */ = {
			isa = PBXFrameworksBuildPhase;
			buildActionMask = 2147483647;
			files = (
			);
			runOnlyForDeploymentPostprocessing = 0;
		};
		27A6C70C264D0BD8000D7E50 /* Frameworks */ = {
			isa = PBXFrameworksBuildPhase;
			buildActionMask = 2147483647;
			files = (
			);
			runOnlyForDeploymentPostprocessing = 0;
		};
/* End PBXFrameworksBuildPhase section */

/* Begin PBXGroup section */
		27A6C6E5264D0BD4000D7E50 = {
			isa = PBXGroup;
			children = (
				27A6C6F0264D0BD4000D7E50 /* Techmon */,
				27A6C707264D0BD8000D7E50 /* TechmonTests */,
				27A6C712264D0BD8000D7E50 /* TechmonUITests */,
				27A6C6EF264D0BD4000D7E50 /* Products */,
			);
			sourceTree = "<group>";
		};
		27A6C6EF264D0BD4000D7E50 /* Products */ = {
			isa = PBXGroup;
			children = (
				27A6C6EE264D0BD4000D7E50 /* Techmon.app */,
				27A6C704264D0BD8000D7E50 /* TechmonTests.xctest */,
				27A6C70F264D0BD8000D7E50 /* TechmonUITests.xctest */,
			);
			name = Products;
			sourceTree = "<group>";
		};
		27A6C6F0264D0BD4000D7E50 /* Techmon */ = {
			isa = PBXGroup;
			children = (
				27A6C724264D0C58000D7E50 /* TechMon_Resource */,
				27A6C6F1264D0BD4000D7E50 /* AppDelegate.swift */,
				27FB8D02264D21E400F4BD6A /* LobbyViewController.swift */,
				27FB8D07264D21F800F4BD6A /* BattleViewController.swift */,
				27A6C6F3264D0BD4000D7E50 /* SceneDelegate.swift */,
				27A6C6F5264D0BD4000D7E50 /* ViewController.swift */,
				27A6C6F7264D0BD4000D7E50 /* Main.storyboard */,
				27A6C6FA264D0BD7000D7E50 /* Assets.xcassets */,
				27A6C6FC264D0BD7000D7E50 /* LaunchScreen.storyboard */,
				27A6C6FF264D0BD7000D7E50 /* Info.plist */,
			);
			path = Techmon;
			sourceTree = "<group>";
		};
		27A6C707264D0BD8000D7E50 /* TechmonTests */ = {
			isa = PBXGroup;
			children = (
				27A6C708264D0BD8000D7E50 /* TechmonTests.swift */,
				27A6C70A264D0BD8000D7E50 /* Info.plist */,
			);
			path = TechmonTests;
			sourceTree = "<group>";
		};
		27A6C712264D0BD8000D7E50 /* TechmonUITests */ = {
			isa = PBXGroup;
			children = (
				27A6C713264D0BD8000D7E50 /* TechmonUITests.swift */,
				27A6C715264D0BD8000D7E50 /* Info.plist */,
			);
			path = TechmonUITests;
			sourceTree = "<group>";
		};
		27A6C724264D0C58000D7E50 /* TechMon_Resource */ = {
			isa = PBXGroup;
			children = (
				27A6C725264D0C58000D7E50 /* Images */,
				27A6C72D264D0C58000D7E50 /* Models */,
				27A6C730264D0C58000D7E50 /* Sounds */,
				27A6C738264D0C58000D7E50 /* Fonts */,
			);
			path = TechMon_Resource;
			sourceTree = "<group>";
		};
		27A6C725264D0C58000D7E50 /* Images */ = {
			isa = PBXGroup;
			children = (
				27A6C726264D0C58000D7E50 /* lobby.png */,
				27A6C727264D0C58000D7E50 /* battlebg.png */,
				27A6C728264D0C58000D7E50 /* bgimage.jpg */,
				27A6C729264D0C58000D7E50 /* waku.png */,
				27A6C72A264D0C58000D7E50 /* gold_button.png */,
				27A6C72B264D0C58000D7E50 /* yusya.png */,
				27A6C72C264D0C58000D7E50 /* monster.png */,
			);
			path = Images;
			sourceTree = "<group>";
		};
		27A6C72D264D0C58000D7E50 /* Models */ = {
			isa = PBXGroup;
			children = (
				27A6C72E264D0C58000D7E50 /* TechMonManager.swift */,
				27A6C72F264D0C58000D7E50 /* Character.swift */,
			);
			path = Models;
			sourceTree = "<group>";
		};
		27A6C730264D0C58000D7E50 /* Sounds */ = {
			isa = PBXGroup;
			children = (
				27A6C731264D0C58000D7E50 /* SE_fanfare.mp3 */,
				27A6C732264D0C58000D7E50 /* BGM_battle001.mp3 */,
				27A6C733264D0C58000D7E50 /* SE_fire.mp3 */,
				27A6C734264D0C58000D7E50 /* SE_attack.mp3 */,
				27A6C735264D0C58000D7E50 /* SE_gameover.mp3 */,
				27A6C736264D0C58000D7E50 /* SE_charge.mp3 */,
				27A6C737264D0C58000D7E50 /* lobby.mp3 */,
			);
			path = Sounds;
			sourceTree = "<group>";
		};
		27A6C738264D0C58000D7E50 /* Fonts */ = {
			isa = PBXGroup;
			children = (
				27A6C739264D0C58000D7E50 /* misaki_gothic.ttf */,
			);
			path = Fonts;
			sourceTree = "<group>";
		};
/* End PBXGroup section */

/* Begin PBXNativeTarget section */
		27A6C6ED264D0BD4000D7E50 /* Techmon */ = {
			isa = PBXNativeTarget;
			buildConfigurationList = 27A6C718264D0BD8000D7E50 /* Build configuration list for PBXNativeTarget "Techmon" */;
			buildPhases = (
				27A6C6EA264D0BD4000D7E50 /* Sources */,
				27A6C6EB264D0BD4000D7E50 /* Frameworks */,
				27A6C6EC264D0BD4000D7E50 /* Resources */,
			);
			buildRules = (
			);
			dependencies = (
			);
			name = Techmon;
			productName = Techmon;
			productReference = 27A6C6EE264D0BD4000D7E50 /* Techmon.app */;
			productType = "com.apple.product-type.application";
		};
		27A6C703264D0BD8000D7E50 /* TechmonTests */ = {
			isa = PBXNativeTarget;
			buildConfigurationList = 27A6C71B264D0BD8000D7E50 /* Build configuration list for PBXNativeTarget "TechmonTests" */;
			buildPhases = (
				27A6C700264D0BD8000D7E50 /* Sources */,
				27A6C701264D0BD8000D7E50 /* Frameworks */,
				27A6C702264D0BD8000D7E50 /* Resources */,
			);
			buildRules = (
			);
			dependencies = (
				27A6C706264D0BD8000D7E50 /* PBXTargetDependency */,
			);
			name = TechmonTests;
			productName = TechmonTests;
			productReference = 27A6C704264D0BD8000D7E50 /* TechmonTests.xctest */;
			productType = "com.apple.product-type.bundle.unit-test";
		};
		27A6C70E264D0BD8000D7E50 /* TechmonUITests */ = {
			isa = PBXNativeTarget;
			buildConfigurationList = 27A6C71E264D0BD8000D7E50 /* Build configuration list for PBXNativeTarget "TechmonUITests" */;
			buildPhases = (
				27A6C70B264D0BD8000D7E50 /* Sources */,
				27A6C70C264D0BD8000D7E50 /* Frameworks */,
				27A6C70D264D0BD8000D7E50 /* Resources */,
			);
			buildRules = (
			);
			dependencies = (
				27A6C711264D0BD8000D7E50 /* PBXTargetDependency */,
			);
			name = TechmonUITests;
			productName = TechmonUITests;
			productReference = 27A6C70F264D0BD8000D7E50 /* TechmonUITests.xctest */;
			productType = "com.apple.product-type.bundle.ui-testing";
		};
/* End PBXNativeTarget section */

/* Begin PBXProject section */
		27A6C6E6264D0BD4000D7E50 /* Project object */ = {
			isa = PBXProject;
			attributes = {
				LastSwiftUpdateCheck = 1240;
				LastUpgradeCheck = 1240;
				TargetAttributes = {
					27A6C6ED264D0BD4000D7E50 = {
						CreatedOnToolsVersion = 12.4;
					};
					27A6C703264D0BD8000D7E50 = {
						CreatedOnToolsVersion = 12.4;
						TestTargetID = 27A6C6ED264D0BD4000D7E50;
					};
					27A6C70E264D0BD8000D7E50 = {
						CreatedOnToolsVersion = 12.4;
						TestTargetID = 27A6C6ED264D0BD4000D7E50;
					};
				};
			};
			buildConfigurationList = 27A6C6E9264D0BD4000D7E50 /* Build configuration list for PBXProject "Techmon" */;
			compatibilityVersion = "Xcode 9.3";
			developmentRegion = en;
			hasScannedForEncodings = 0;
			knownRegions = (
				en,
				Base,
			);
			mainGroup = 27A6C6E5264D0BD4000D7E50;
			productRefGroup = 27A6C6EF264D0BD4000D7E50 /* Products */;
			projectDirPath = "";
			projectRoot = "";
			targets = (
				27A6C6ED264D0BD4000D7E50 /* Techmon */,
				27A6C703264D0BD8000D7E50 /* TechmonTests */,
				27A6C70E264D0BD8000D7E50 /* TechmonUITests */,
			);
		};
/* End PBXProject section */

/* Begin PBXResourcesBuildPhase section */
		27A6C6EC264D0BD4000D7E50 /* Resources */ = {
			isa = PBXResourcesBuildPhase;
			buildActionMask = 2147483647;
			files = (
				27A6C73F264D0C58000D7E50 /* yusya.png in Resources */,
				27A6C73C264D0C58000D7E50 /* bgimage.jpg in Resources */,
				27A6C73D264D0C58000D7E50 /* waku.png in Resources */,
				27A6C743264D0C58000D7E50 /* SE_fanfare.mp3 in Resources */,
				27A6C73A264D0C58000D7E50 /* lobby.png in Resources */,
				27A6C73E264D0C58000D7E50 /* gold_button.png in Resources */,
				27A6C746264D0C58000D7E50 /* SE_attack.mp3 in Resources */,
				27A6C6FE264D0BD7000D7E50 /* LaunchScreen.storyboard in Resources */,
				27A6C749264D0C58000D7E50 /* lobby.mp3 in Resources */,
				27A6C6FB264D0BD7000D7E50 /* Assets.xcassets in Resources */,
				27A6C74A264D0C58000D7E50 /* misaki_gothic.ttf in Resources */,
				27A6C747264D0C58000D7E50 /* SE_gameover.mp3 in Resources */,
				27A6C73B264D0C58000D7E50 /* battlebg.png in Resources */,
				27A6C744264D0C58000D7E50 /* BGM_battle001.mp3 in Resources */,
				27A6C748264D0C58000D7E50 /* SE_charge.mp3 in Resources */,
				27A6C745264D0C58000D7E50 /* SE_fire.mp3 in Resources */,
				27A6C740264D0C58000D7E50 /* monster.png in Resources */,
				27A6C6F9264D0BD4000D7E50 /* Main.storyboard in Resources */,
			);
			runOnlyForDeploymentPostprocessing = 0;
		};
		27A6C702264D0BD8000D7E50 /* Resources */ = {
			isa = PBXResourcesBuildPhase;
			buildActionMask = 2147483647;
			files = (
			);
			runOnlyForDeploymentPostprocessing = 0;
		};
		27A6C70D264D0BD8000D7E50 /* Resources */ = {
			isa = PBXResourcesBuildPhase;
			buildActionMask = 2147483647;
			files = (
			);
			runOnlyForDeploymentPostprocessing = 0;
		};
/* End PBXResourcesBuildPhase section */

/* Begin PBXSourcesBuildPhase section */
		27A6C6EA264D0BD4000D7E50 /* Sources */ = {
			isa = PBXSourcesBuildPhase;
			buildActionMask = 2147483647;
			files = (
				27FB8D08264D21F800F4BD6A /* BattleViewController.swift in Sources */,
				27A6C741264D0C58000D7E50 /* TechMonManager.swift in Sources */,
				27A6C6F6264D0BD4000D7E50 /* ViewController.swift in Sources */,
				27A6C742264D0C58000D7E50 /* Character.swift in Sources */,
				27FB8D03264D21E400F4BD6A /* LobbyViewController.swift in Sources */,
				27A6C6F2264D0BD4000D7E50 /* AppDelegate.swift in Sources */,
				27A6C6F4264D0BD4000D7E50 /* SceneDelegate.swift in Sources */,
			);
			runOnlyForDeploymentPostprocessing = 0;
		};
		27A6C700264D0BD8000D7E50 /* Sources */ = {
			isa = PBXSourcesBuildPhase;
			buildActionMask = 2147483647;
			files = (
				27A6C709264D0BD8000D7E50 /* TechmonTests.swift in Sources */,
			);
			runOnlyForDeploymentPostprocessing = 0;
		};
		27A6C70B264D0BD8000D7E50 /* Sources */ = {
			isa = PBXSourcesBuildPhase;
			buildActionMask = 2147483647;
			files = (
				27A6C714264D0BD8000D7E50 /* TechmonUITests.swift in Sources */,
			);
			runOnlyForDeploymentPostprocessing = 0;
		};
/* End PBXSourcesBuildPhase section */

/* Begin PBXTargetDependency section */
		27A6C706264D0BD8000D7E50 /* PBXTargetDependency */ = {
			isa = PBXTargetDependency;
			target = 27A6C6ED264D0BD4000D7E50 /* Techmon */;
			targetProxy = 27A6C705264D0BD8000D7E50 /* PBXContainerItemProxy */;
		};
		27A6C711264D0BD8000D7E50 /* PBXTargetDependency */ = {
			isa = PBXTargetDependency;
			target = 27A6C6ED264D0BD4000D7E50 /* Techmon */;
			targetProxy = 27A6C710264D0BD8000D7E50 /* PBXContainerItemProxy */;
		};
/* End PBXTargetDependency section */

/* Begin PBXVariantGroup section */
		27A6C6F7264D0BD4000D7E50 /* Main.storyboard */ = {
			isa = PBXVariantGroup;
			children = (
				27A6C6F8264D0BD4000D7E50 /* Base */,
			);
			name = Main.storyboard;
			sourceTree = "<group>";
		};
		27A6C6FC264D0BD7000D7E50 /* LaunchScreen.storyboard */ = {
			isa = PBXVariantGroup;
			children = (
				27A6C6FD264D0BD7000D7E50 /* Base */,
			);
			name = LaunchScreen.storyboard;
			sourceTree = "<group>";
		};
/* End PBXVariantGroup section */

/* Begin XCBuildConfiguration section */
		27A6C716264D0BD8000D7E50 /* Debug */ = {
			isa = XCBuildConfiguration;
			buildSettings = {
				ALWAYS_SEARCH_USER_PATHS = NO;
				CLANG_ANALYZER_NONNULL = YES;
				CLANG_ANALYZER_NUMBER_OBJECT_CONVERSION = YES_AGGRESSIVE;
				CLANG_CXX_LANGUAGE_STANDARD = "gnu++14";
				CLANG_CXX_LIBRARY = "libc++";
				CLANG_ENABLE_MODULES = YES;
				CLANG_ENABLE_OBJC_ARC = YES;
				CLANG_ENABLE_OBJC_WEAK = YES;
				CLANG_WARN_BLOCK_CAPTURE_AUTORELEASING = YES;
				CLANG_WARN_BOOL_CONVERSION = YES;
				CLANG_WARN_COMMA = YES;
				CLANG_WARN_CONSTANT_CONVERSION = YES;
				CLANG_WARN_DEPRECATED_OBJC_IMPLEMENTATIONS = YES;
				CLANG_WARN_DIRECT_OBJC_ISA_USAGE = YES_ERROR;
				CLANG_WARN_DOCUMENTATION_COMMENTS = YES;
				CLANG_WARN_EMPTY_BODY = YES;
				CLANG_WARN_ENUM_CONVERSION = YES;
				CLANG_WARN_INFINITE_RECURSION = YES;
				CLANG_WARN_INT_CONVERSION = YES;
				CLANG_WARN_NON_LITERAL_NULL_CONVERSION = YES;
				CLANG_WARN_OBJC_IMPLICIT_RETAIN_SELF = YES;
				CLANG_WARN_OBJC_LITERAL_CONVERSION = YES;
				CLANG_WARN_OBJC_ROOT_CLASS = YES_ERROR;
				CLANG_WARN_QUOTED_INCLUDE_IN_FRAMEWORK_HEADER = YES;
				CLANG_WARN_RANGE_LOOP_ANALYSIS = YES;
				CLANG_WARN_STRICT_PROTOTYPES = YES;
				CLANG_WARN_SUSPICIOUS_MOVE = YES;
				CLANG_WARN_UNGUARDED_AVAILABILITY = YES_AGGRESSIVE;
				CLANG_WARN_UNREACHABLE_CODE = YES;
				CLANG_WARN__DUPLICATE_METHOD_MATCH = YES;
				COPY_PHASE_STRIP = NO;
				DEBUG_INFORMATION_FORMAT = dwarf;
				ENABLE_STRICT_OBJC_MSGSEND = YES;
				ENABLE_TESTABILITY = YES;
				GCC_C_LANGUAGE_STANDARD = gnu11;
				GCC_DYNAMIC_NO_PIC = NO;
				GCC_NO_COMMON_BLOCKS = YES;
				GCC_OPTIMIZATION_LEVEL = 0;
				GCC_PREPROCESSOR_DEFINITIONS = (
					"DEBUG=1",
					"$(inherited)",
				);
				GCC_WARN_64_TO_32_BIT_CONVERSION = YES;
				GCC_WARN_ABOUT_RETURN_TYPE = YES_ERROR;
				GCC_WARN_UNDECLARED_SELECTOR = YES;
				GCC_WARN_UNINITIALIZED_AUTOS = YES_AGGRESSIVE;
				GCC_WARN_UNUSED_FUNCTION = YES;
				GCC_WARN_UNUSED_VARIABLE = YES;
				IPHONEOS_DEPLOYMENT_TARGET = 14.4;
				MTL_ENABLE_DEBUG_INFO = INCLUDE_SOURCE;
				MTL_FAST_MATH = YES;
				ONLY_ACTIVE_ARCH = YES;
				SDKROOT = iphoneos;
				SWIFT_ACTIVE_COMPILATION_CONDITIONS = DEBUG;
				SWIFT_OPTIMIZATION_LEVEL = "-Onone";
			};
			name = Debug;
		};
		27A6C717264D0BD8000D7E50 /* Release */ = {
			isa = XCBuildConfiguration;
			buildSettings = {
				ALWAYS_SEARCH_USER_PATHS = NO;
				CLANG_ANALYZER_NONNULL = YES;
				CLANG_ANALYZER_NUMBER_OBJECT_CONVERSION = YES_AGGRESSIVE;
				CLANG_CXX_LANGUAGE_STANDARD = "gnu++14";
				CLANG_CXX_LIBRARY = "libc++";
				CLANG_ENABLE_MODULES = YES;
				CLANG_ENABLE_OBJC_ARC = YES;
				CLANG_ENABLE_OBJC_WEAK = YES;
				CLANG_WARN_BLOCK_CAPTURE_AUTORELEASING = YES;
				CLANG_WARN_BOOL_CONVERSION = YES;
				CLANG_WARN_COMMA = YES;
				CLANG_WARN_CONSTANT_CONVERSION = YES;
				CLANG_WARN_DEPRECATED_OBJC_IMPLEMENTATIONS = YES;
				CLANG_WARN_DIRECT_OBJC_ISA_USAGE = YES_ERROR;
				CLANG_WARN_DOCUMENTATION_COMMENTS = YES;
				CLANG_WARN_EMPTY_BODY = YES;
				CLANG_WARN_ENUM_CONVERSION = YES;
				CLANG_WARN_INFINITE_RECURSION = YES;
				CLANG_WARN_INT_CONVERSION = YES;
				CLANG_WARN_NON_LITERAL_NULL_CONVERSION = YES;
				CLANG_WARN_OBJC_IMPLICIT_RETAIN_SELF = YES;
				CLANG_WARN_OBJC_LITERAL_CONVERSION = YES;
				CLANG_WARN_OBJC_ROOT_CLASS = YES_ERROR;
				CLANG_WARN_QUOTED_INCLUDE_IN_FRAMEWORK_HEADER = YES;
				CLANG_WARN_RANGE_LOOP_ANALYSIS = YES;
				CLANG_WARN_STRICT_PROTOTYPES = YES;
				CLANG_WARN_SUSPICIOUS_MOVE = YES;
				CLANG_WARN_UNGUARDED_AVAILABILITY = YES_AGGRESSIVE;
				CLANG_WARN_UNREACHABLE_CODE = YES;
				CLANG_WARN__DUPLICATE_METHOD_MATCH = YES;
				COPY_PHASE_STRIP = NO;
				DEBUG_INFORMATION_FORMAT = "dwarf-with-dsym";
				ENABLE_NS_ASSERTIONS = NO;
				ENABLE_STRICT_OBJC_MSGSEND = YES;
				GCC_C_LANGUAGE_STANDARD = gnu11;
				GCC_NO_COMMON_BLOCKS = YES;
				GCC_WARN_64_TO_32_BIT_CONVERSION = YES;
				GCC_WARN_ABOUT_RETURN_TYPE = YES_ERROR;
				GCC_WARN_UNDECLARED_SELECTOR = YES;
				GCC_WARN_UNINITIALIZED_AUTOS = YES_AGGRESSIVE;
				GCC_WARN_UNUSED_FUNCTION = YES;
				GCC_WARN_UNUSED_VARIABLE = YES;
				IPHONEOS_DEPLOYMENT_TARGET = 14.4;
				MTL_ENABLE_DEBUG_INFO = NO;
				MTL_FAST_MATH = YES;
				SDKROOT = iphoneos;
				SWIFT_COMPILATION_MODE = wholemodule;
				SWIFT_OPTIMIZATION_LEVEL = "-O";
				VALIDATE_PRODUCT = YES;
			};
			name = Release;
		};
		27A6C719264D0BD8000D7E50 /* Debug */ = {
			isa = XCBuildConfiguration;
			buildSettings = {
				ASSETCATALOG_COMPILER_APPICON_NAME = AppIcon;
				ASSETCATALOG_COMPILER_GLOBAL_ACCENT_COLOR_NAME = AccentColor;
				CODE_SIGN_STYLE = Automatic;
				INFOPLIST_FILE = Techmon/Info.plist;
				LD_RUNPATH_SEARCH_PATHS = (
					"$(inherited)",
					"@executable_path/Frameworks",
				);
				PRODUCT_BUNDLE_IDENTIFIER = Techmon.ikeda.yuchan.Techmon;
				PRODUCT_NAME = "$(TARGET_NAME)";
				SWIFT_VERSION = 5.0;
				TARGETED_DEVICE_FAMILY = "1,2";
			};
			name = Debug;
		};
		27A6C71A264D0BD8000D7E50 /* Release */ = {
			isa = XCBuildConfiguration;
			buildSettings = {
				ASSETCATALOG_COMPILER_APPICON_NAME = AppIcon;
				ASSETCATALOG_COMPILER_GLOBAL_ACCENT_COLOR_NAME = AccentColor;
				CODE_SIGN_STYLE = Automatic;
				INFOPLIST_FILE = Techmon/Info.plist;
				LD_RUNPATH_SEARCH_PATHS = (
					"$(inherited)",
					"@executable_path/Frameworks",
				);
				PRODUCT_BUNDLE_IDENTIFIER = Techmon.ikeda.yuchan.Techmon;
				PRODUCT_NAME = "$(TARGET_NAME)";
				SWIFT_VERSION = 5.0;
				TARGETED_DEVICE_FAMILY = "1,2";
			};
			name = Release;
		};
		27A6C71C264D0BD8000D7E50 /* Debug */ = {
			isa = XCBuildConfiguration;
			buildSettings = {
				ALWAYS_EMBED_SWIFT_STANDARD_LIBRARIES = YES;
				BUNDLE_LOADER = "$(TEST_HOST)";
				CODE_SIGN_STYLE = Automatic;
				INFOPLIST_FILE = TechmonTests/Info.plist;
				IPHONEOS_DEPLOYMENT_TARGET = 14.4;
				LD_RUNPATH_SEARCH_PATHS = (
					"$(inherited)",
					"@executable_path/Frameworks",
					"@loader_path/Frameworks",
				);
				PRODUCT_BUNDLE_IDENTIFIER = Techmon.ikeda.yuchan.TechmonTests;
				PRODUCT_NAME = "$(TARGET_NAME)";
				SWIFT_VERSION = 5.0;
				TARGETED_DEVICE_FAMILY = "1,2";
				TEST_HOST = "$(BUILT_PRODUCTS_DIR)/Techmon.app/Techmon";
			};
			name = Debug;
		};
		27A6C71D264D0BD8000D7E50 /* Release */ = {
			isa = XCBuildConfiguration;
			buildSettings = {
				ALWAYS_EMBED_SWIFT_STANDARD_LIBRARIES = YES;
				BUNDLE_LOADER = "$(TEST_HOST)";
				CODE_SIGN_STYLE = Automatic;
				INFOPLIST_FILE = TechmonTests/Info.plist;
				IPHONEOS_DEPLOYMENT_TARGET = 14.4;
				LD_RUNPATH_SEARCH_PATHS = (
					"$(inherited)",
					"@executable_path/Frameworks",
					"@loader_path/Frameworks",
				);
				PRODUCT_BUNDLE_IDENTIFIER = Techmon.ikeda.yuchan.TechmonTests;
				PRODUCT_NAME = "$(TARGET_NAME)";
				SWIFT_VERSION = 5.0;
				TARGETED_DEVICE_FAMILY = "1,2";
				TEST_HOST = "$(BUILT_PRODUCTS_DIR)/Techmon.app/Techmon";
			};
			name = Release;
		};
		27A6C71F264D0BD8000D7E50 /* Debug */ = {
			isa = XCBuildConfiguration;
			buildSettings = {
				ALWAYS_EMBED_SWIFT_STANDARD_LIBRARIES = YES;
				CODE_SIGN_STYLE = Automatic;
				INFOPLIST_FILE = TechmonUITests/Info.plist;
				LD_RUNPATH_SEARCH_PATHS = (
					"$(inherited)",
					"@executable_path/Frameworks",
					"@loader_path/Frameworks",
				);
				PRODUCT_BUNDLE_IDENTIFIER = Techmon.ikeda.yuchan.TechmonUITests;
				PRODUCT_NAME = "$(TARGET_NAME)";
				SWIFT_VERSION = 5.0;
				TARGETED_DEVICE_FAMILY = "1,2";
				TEST_TARGET_NAME = Techmon;
			};
			name = Debug;
		};
		27A6C720264D0BD8000D7E50 /* Release */ = {
			isa = XCBuildConfiguration;
			buildSettings = {
				ALWAYS_EMBED_SWIFT_STANDARD_LIBRARIES = YES;
				CODE_SIGN_STYLE = Automatic;
				INFOPLIST_FILE = TechmonUITests/Info.plist;
				LD_RUNPATH_SEARCH_PATHS = (
					"$(inherited)",
					"@executable_path/Frameworks",
					"@loader_path/Frameworks",
				);
				PRODUCT_BUNDLE_IDENTIFIER = Techmon.ikeda.yuchan.TechmonUITests;
				PRODUCT_NAME = "$(TARGET_NAME)";
				SWIFT_VERSION = 5.0;
				TARGETED_DEVICE_FAMILY = "1,2";
				TEST_TARGET_NAME = Techmon;
			};
			name = Release;
		};
/* End XCBuildConfiguration section */

/* Begin XCConfigurationList section */
		27A6C6E9264D0BD4000D7E50 /* Build configuration list for PBXProject "Techmon" */ = {
			isa = XCConfigurationList;
			buildConfigurations = (
				27A6C716264D0BD8000D7E50 /* Debug */,
				27A6C717264D0BD8000D7E50 /* Release */,
			);
			defaultConfigurationIsVisible = 0;
			defaultConfigurationName = Release;
		};
		27A6C718264D0BD8000D7E50 /* Build configuration list for PBXNativeTarget "Techmon" */ = {
			isa = XCConfigurationList;
			buildConfigurations = (
				27A6C719264D0BD8000D7E50 /* Debug */,
				27A6C71A264D0BD8000D7E50 /* Release */,
			);
			defaultConfigurationIsVisible = 0;
			defaultConfigurationName = Release;
		};
		27A6C71B264D0BD8000D7E50 /* Build configuration list for PBXNativeTarget "TechmonTests" */ = {
			isa = XCConfigurationList;
			buildConfigurations = (
				27A6C71C264D0BD8000D7E50 /* Debug */,
				27A6C71D264D0BD8000D7E50 /* Release */,
			);
			defaultConfigurationIsVisible = 0;
			defaultConfigurationName = Release;
		};
		27A6C71E264D0BD8000D7E50 /* Build configuration list for PBXNativeTarget "TechmonUITests" */ = {
			isa = XCConfigurationList;
			buildConfigurations = (
				27A6C71F264D0BD8000D7E50 /* Debug */,
				27A6C720264D0BD8000D7E50 /* Release */,
			);
			defaultConfigurationIsVisible = 0;
			defaultConfigurationName = Release;
		};
/* End XCConfigurationList section */
	};
	rootObject = 27A6C6E6264D0BD4000D7E50 /* Project object */;
}
